// !$*UTF8*$!
{
	archiveVersion = 1;
	classes = {
	};
	objectVersion = 46;
	objects = {

/* Begin PBXBuildFile section */
		7F93C5791C34C68900D630C3 /* AppDelegate.swift in Sources */ = {isa = PBXBuildFile; fileRef = 7F93C5781C34C68900D630C3 /* AppDelegate.swift */; };
		7F93C57B1C34C68900D630C3 /* ViewController.swift in Sources */ = {isa = PBXBuildFile; fileRef = 7F93C57A1C34C68900D630C3 /* ViewController.swift */; };
		7F93C57E1C34C68900D630C3 /* Main.storyboard in Resources */ = {isa = PBXBuildFile; fileRef = 7F93C57C1C34C68900D630C3 /* Main.storyboard */; };
		7F93C5801C34C68900D630C3 /* Assets.xcassets in Resources */ = {isa = PBXBuildFile; fileRef = 7F93C57F1C34C68900D630C3 /* Assets.xcassets */; };
		7F93C5831C34C68900D630C3 /* LaunchScreen.storyboard in Resources */ = {isa = PBXBuildFile; fileRef = 7F93C5811C34C68900D630C3 /* LaunchScreen.storyboard */; };
		7F93C5A71C35E2F300D630C3 /* SettingsViewController.swift in Sources */ = {isa = PBXBuildFile; fileRef = 7F93C5A61C35E2F300D630C3 /* SettingsViewController.swift */; };
/* End PBXBuildFile section */

/* Begin PBXContainerItemProxy section */
		7F93C58A1C34C68A00D630C3 /* PBXContainerItemProxy */ = {
			isa = PBXContainerItemProxy;
			containerPortal = 7F93C56D1C34C68900D630C3 /* Project object */;
			proxyType = 1;
			remoteGlobalIDString = 7F93C5741C34C68900D630C3;
			remoteInfo = Tips;
		};
		7F93C5951C34C68A00D630C3 /* PBXContainerItemProxy */ = {
			isa = PBXContainerItemProxy;
			containerPortal = 7F93C56D1C34C68900D630C3 /* Project object */;
			proxyType = 1;
			remoteGlobalIDString = 7F93C5741C34C68900D630C3;
			remoteInfo = Tips;
		};
/* End PBXContainerItemProxy section */

/* Begin PBXFileReference section */
		7F93C5751C34C68900D630C3 /* Tips.app */ = {isa = PBXFileReference; explicitFileType = wrapper.application; includeInIndex = 0; path = Tips.app; sourceTree = BUILT_PRODUCTS_DIR; };
		7F93C5781C34C68900D630C3 /* AppDelegate.swift */ = {isa = PBXFileReference; lastKnownFileType = sourcecode.swift; path = AppDelegate.swift; sourceTree = "<group>"; };
		7F93C57A1C34C68900D630C3 /* ViewController.swift */ = {isa = PBXFileReference; lastKnownFileType = sourcecode.swift; path = ViewController.swift; sourceTree = "<group>"; };
		7F93C57D1C34C68900D630C3 /* Base */ = {isa = PBXFileReference; lastKnownFileType = file.storyboard; name = Base; path = Base.lproj/Main.storyboard; sourceTree = "<group>"; };
		7F93C57F1C34C68900D630C3 /* Assets.xcassets */ = {isa = PBXFileReference; lastKnownFileType = folder.assetcatalog; path = Assets.xcassets; sourceTree = "<group>"; };
		7F93C5821C34C68900D630C3 /* Base */ = {isa = PBXFileReference; lastKnownFileType = file.storyboard; name = Base; path = Base.lproj/LaunchScreen.storyboard; sourceTree = "<group>"; };
		7F93C5841C34C68A00D630C3 /* Info.plist */ = {isa = PBXFileReference; lastKnownFileType = text.plist.xml; path = Info.plist; sourceTree = "<group>"; };
		7F93C5891C34C68A00D630C3 /* TipsTests.xctest */ = {isa = PBXFileReference; explicitFileType = wrapper.cfbundle; includeInIndex = 0; path = TipsTests.xctest; sourceTree = BUILT_PRODUCTS_DIR; };
		7F93C5941C34C68A00D630C3 /* TipsUITests.xctest */ = {isa = PBXFileReference; explicitFileType = wrapper.cfbundle; includeInIndex = 0; path = TipsUITests.xctest; sourceTree = BUILT_PRODUCTS_DIR; };
		7F93C5A61C35E2F300D630C3 /* SettingsViewController.swift */ = {isa = PBXFileReference; fileEncoding = 4; lastKnownFileType = sourcecode.swift; path = SettingsViewController.swift; sourceTree = "<group>"; };
/* End PBXFileReference section */

/* Begin PBXFrameworksBuildPhase section */
		7F93C5721C34C68900D630C3 /* Frameworks */ = {
			isa = PBXFrameworksBuildPhase;
			buildActionMask = 2147483647;
			files = (
			);
			runOnlyForDeploymentPostprocessing = 0;
		};
		7F93C5861C34C68A00D630C3 /* Frameworks */ = {
			isa = PBXFrameworksBuildPhase;
			buildActionMask = 2147483647;
			files = (
			);
			runOnlyForDeploymentPostprocessing = 0;
		};
		7F93C5911C34C68A00D630C3 /* Frameworks */ = {
			isa = PBXFrameworksBuildPhase;
			buildActionMask = 2147483647;
			files = (
			);
			runOnlyForDeploymentPostprocessing = 0;
		};
/* End PBXFrameworksBuildPhase section */

/* Begin PBXGroup section */
		7F93C56C1C34C68900D630C3 = {
			isa = PBXGroup;
			children = (
				7F93C5771C34C68900D630C3 /* Tips */,
				7F93C5761C34C68900D630C3 /* Products */,
			);
			sourceTree = "<group>";
		};
		7F93C5761C34C68900D630C3 /* Products */ = {
			isa = PBXGroup;
			children = (
				7F93C5751C34C68900D630C3 /* Tips.app */,
				7F93C5891C34C68A00D630C3 /* TipsTests.xctest */,
				7F93C5941C34C68A00D630C3 /* TipsUITests.xctest */,
			);
			name = Products;
			sourceTree = "<group>";
		};
		7F93C5771C34C68900D630C3 /* Tips */ = {
			isa = PBXGroup;
			children = (
				7F93C5781C34C68900D630C3 /* AppDelegate.swift */,
				7F93C57A1C34C68900D630C3 /* ViewController.swift */,
				7F93C57C1C34C68900D630C3 /* Main.storyboard */,
				7F93C5A61C35E2F300D630C3 /* SettingsViewController.swift */,
				7F93C57F1C34C68900D630C3 /* Assets.xcassets */,
				7F93C5811C34C68900D630C3 /* LaunchScreen.storyboard */,
				7F93C5841C34C68A00D630C3 /* Info.plist */,
			);
			path = Tips;
			sourceTree = "<group>";
		};
/* End PBXGroup section */

/* Begin PBXNativeTarget section */
		7F93C5741C34C68900D630C3 /* Tips */ = {
			isa = PBXNativeTarget;
			buildConfigurationList = 7F93C59D1C34C68A00D630C3 /* Build configuration list for PBXNativeTarget "Tips" */;
			buildPhases = (
				7F93C5711C34C68900D630C3 /* Sources */,
				7F93C5721C34C68900D630C3 /* Frameworks */,
				7F93C5731C34C68900D630C3 /* Resources */,
			);
			buildRules = (
			);
			dependencies = (
			);
			name = Tips;
			productName = Tips;
			productReference = 7F93C5751C34C68900D630C3 /* Tips.app */;
			productType = "com.apple.product-type.application";
		};
		7F93C5881C34C68A00D630C3 /* TipsTests */ = {
			isa = PBXNativeTarget;
			buildConfigurationList = 7F93C5A01C34C68A00D630C3 /* Build configuration list for PBXNativeTarget "TipsTests" */;
			buildPhases = (
				7F93C5851C34C68A00D630C3 /* Sources */,
				7F93C5861C34C68A00D630C3 /* Frameworks */,
				7F93C5871C34C68A00D630C3 /* Resources */,
			);
			buildRules = (
			);
			dependencies = (
				7F93C58B1C34C68A00D630C3 /* PBXTargetDependency */,
			);
			name = TipsTests;
			productName = TipsTests;
			productReference = 7F93C5891C34C68A00D630C3 /* TipsTests.xctest */;
			productType = "com.apple.product-type.bundle.unit-test";
		};
		7F93C5931C34C68A00D630C3 /* TipsUITests */ = {
			isa = PBXNativeTarget;
			buildConfigurationList = 7F93C5A31C34C68A00D630C3 /* Build configuration list for PBXNativeTarget "TipsUITests" */;
			buildPhases = (
				7F93C5901C34C68A00D630C3 /* Sources */,
				7F93C5911C34C68A00D630C3 /* Frameworks */,
				7F93C5921C34C68A00D630C3 /* Resources */,
			);
			buildRules = (
			);
			dependencies = (
				7F93C5961C34C68A00D630C3 /* PBXTargetDependency */,
			);
			name = TipsUITests;
			productName = TipsUITests;
			productReference = 7F93C5941C34C68A00D630C3 /* TipsUITests.xctest */;
			productType = "com.apple.product-type.bundle.ui-testing";
		};
/* End PBXNativeTarget section */

/* Begin PBXProject section */
		7F93C56D1C34C68900D630C3 /* Project object */ = {
			isa = PBXProject;
			attributes = {
				LastSwiftUpdateCheck = 0720;
				LastUpgradeCheck = 0720;
				ORGANIZATIONNAME = "Julian Duodu";
				TargetAttributes = {
					7F93C5741C34C68900D630C3 = {
						CreatedOnToolsVersion = 7.2;
					};
					7F93C5881C34C68A00D630C3 = {
						CreatedOnToolsVersion = 7.2;
						TestTargetID = 7F93C5741C34C68900D630C3;
					};
					7F93C5931C34C68A00D630C3 = {
						CreatedOnToolsVersion = 7.2;
						TestTargetID = 7F93C5741C34C68900D630C3;
					};
				};
			};
			buildConfigurationList = 7F93C5701C34C68900D630C3 /* Build configuration list for PBXProject "Tips" */;
			compatibilityVersion = "Xcode 3.2";
			developmentRegion = English;
			hasScannedForEncodings = 0;
			knownRegions = (
				en,
				Base,
			);
			mainGroup = 7F93C56C1C34C68900D630C3;
			productRefGroup = 7F93C5761C34C68900D630C3 /* Products */;
			projectDirPath = "";
			projectRoot = "";
			targets = (
				7F93C5741C34C68900D630C3 /* Tips */,
				7F93C5881C34C68A00D630C3 /* TipsTests */,
				7F93C5931C34C68A00D630C3 /* TipsUITests */,
			);
		};
/* End PBXProject section */

/* Begin PBXResourcesBuildPhase section */
		7F93C5731C34C68900D630C3 /* Resources */ = {
			isa = PBXResourcesBuildPhase;
			buildActionMask = 2147483647;
			files = (
				7F93C5831C34C68900D630C3 /* LaunchScreen.storyboard in Resources */,
				7F93C5801C34C68900D630C3 /* Assets.xcassets in Resources */,
				7F93C57E1C34C68900D630C3 /* Main.storyboard in Resources */,
			);
			runOnlyForDeploymentPostprocessing = 0;
		};
		7F93C5871C34C68A00D630C3 /* Resources */ = {
			isa = PBXResourcesBuildPhase;
			buildActionMask = 2147483647;
			files = (
			);
			runOnlyForDeploymentPostprocessing = 0;
		};
		7F93C5921C34C68A00D630C3 /* Resources */ = {
			isa = PBXResourcesBuildPhase;
			buildActionMask = 2147483647;
			files = (
			);
			runOnlyForDeploymentPostprocessing = 0;
		};
/* End PBXResourcesBuildPhase section */

/* Begin PBXSourcesBuildPhase section */
		7F93C5711C34C68900D630C3 /* Sources */ = {
			isa = PBXSourcesBuildPhase;
			buildActionMask = 2147483647;
			files = (
				7F93C57B1C34C68900D630C3 /* ViewController.swift in Sources */,
				7F93C5791C34C68900D630C3 /* AppDelegate.swift in Sources */,
				7F93C5A71C35E2F300D630C3 /* SettingsViewController.swift in Sources */,
			);
			runOnlyForDeploymentPostprocessing = 0;
		};
		7F93C5851C34C68A00D630C3 /* Sources */ = {
			isa = PBXSourcesBuildPhase;
			buildActionMask = 2147483647;
			files = (
			);
			runOnlyForDeploymentPostprocessing = 0;
		};
		7F93C5901C34C68A00D630C3 /* Sources */ = {
			isa = PBXSourcesBuildPhase;
			buildActionMask = 2147483647;
			files = (
			);
			runOnlyForDeploymentPostprocessing = 0;
		};
/* End PBXSourcesBuildPhase section */

/* Begin PBXTargetDependency section */
		7F93C58B1C34C68A00D630C3 /* PBXTargetDependency */ = {
			isa = PBXTargetDependency;
			target = 7F93C5741C34C68900D630C3 /* Tips */;
			targetProxy = 7F93C58A1C34C68A00D630C3 /* PBXContainerItemProxy */;
		};
		7F93C5961C34C68A00D630C3 /* PBXTargetDependency */ = {
			isa = PBXTargetDependency;
			target = 7F93C5741C34C68900D630C3 /* Tips */;
			targetProxy = 7F93C5951C34C68A00D630C3 /* PBXContainerItemProxy */;
		};
/* End PBXTargetDependency section */

/* Begin PBXVariantGroup section */
		7F93C57C1C34C68900D630C3 /* Main.storyboard */ = {
			isa = PBXVariantGroup;
			children = (
				7F93C57D1C34C68900D630C3 /* Base */,
			);
			name = Main.storyboard;
			sourceTree = "<group>";
		};
		7F93C5811C34C68900D630C3 /* LaunchScreen.storyboard */ = {
			isa = PBXVariantGroup;
			children = (
				7F93C5821C34C68900D630C3 /* Base */,
			);
			name = LaunchScreen.storyboard;
			sourceTree = "<group>";
		};
/* End PBXVariantGroup section */

/* Begin XCBuildConfiguration section */
		7F93C59B1C34C68A00D630C3 /* Debug */ = {
			isa = XCBuildConfiguration;
			buildSettings = {
				ALWAYS_SEARCH_USER_PATHS = NO;
				CLANG_CXX_LANGUAGE_STANDARD = "gnu++0x";
				CLANG_CXX_LIBRARY = "libc++";
				CLANG_ENABLE_MODULES = YES;
				CLANG_ENABLE_OBJC_ARC = YES;
				CLANG_WARN_BOOL_CONVERSION = YES;
				CLANG_WARN_CONSTANT_CONVERSION = YES;
				CLANG_WARN_DIRECT_OBJC_ISA_USAGE = YES_ERROR;
				CLANG_WARN_EMPTY_BODY = YES;
				CLANG_WARN_ENUM_CONVERSION = YES;
				CLANG_WARN_INT_CONVERSION = YES;
				CLANG_WARN_OBJC_ROOT_CLASS = YES_ERROR;
				CLANG_WARN_UNREACHABLE_CODE = YES;
				CLANG_WARN__DUPLICATE_METHOD_MATCH = YES;
				"CODE_SIGN_IDENTITY[sdk=iphoneos*]" = "iPhone Developer";
				COPY_PHASE_STRIP = NO;
				DEBUG_INFORMATION_FORMAT = dwarf;
				ENABLE_STRICT_OBJC_MSGSEND = YES;
				ENABLE_TESTABILITY = YES;
				GCC_C_LANGUAGE_STANDARD = gnu99;
				GCC_DYNAMIC_NO_PIC = NO;
				GCC_NO_COMMON_BLOCKS = YES;
				GCC_OPTIMIZATION_LEVEL = 0;
				GCC_PREPROCESSOR_DEFINITIONS = (
					"DEBUG=1",
					"$(inherited)",
				);
				GCC_WARN_64_TO_32_BIT_CONVERSION = YES;
				GCC_WARN_ABOUT_RETURN_TYPE = YES_ERROR;
				GCC_WARN_UNDECLARED_SELECTOR = YES;
				GCC_WARN_UNINITIALIZED_AUTOS = YES_AGGRESSIVE;
				GCC_WARN_UNUSED_FUNCTION = YES;
				GCC_WARN_UNUSED_VARIABLE = YES;
				IPHONEOS_DEPLOYMENT_TARGET = 9.2;
				MTL_ENABLE_DEBUG_INFO = YES;
				ONLY_ACTIVE_ARCH = YES;
				SDKROOT = iphoneos;
				SWIFT_OPTIMIZATION_LEVEL = "-Onone";
			};
			name = Debug;
		};
		7F93C59C1C34C68A00D630C3 /* Release */ = {
			isa = XCBuildConfiguration;
			buildSettings = {
				ALWAYS_SEARCH_USER_PATHS = NO;
				CLANG_CXX_LANGUAGE_STANDARD = "gnu++0x";
				CLANG_CXX_LIBRARY = "libc++";
				CLANG_ENABLE_MODULES = YES;
				CLANG_ENABLE_OBJC_ARC = YES;
				CLANG_WARN_BOOL_CONVERSION = YES;
				CLANG_WARN_CONSTANT_CONVERSION = YES;
				CLANG_WARN_DIRECT_OBJC_ISA_USAGE = YES_ERROR;
				CLANG_WARN_EMPTY_BODY = YES;
				CLANG_WARN_ENUM_CONVERSION = YES;
				CLANG_WARN_INT_CONVERSION = YES;
				CLANG_WARN_OBJC_ROOT_CLASS = YES_ERROR;
				CLANG_WARN_UNREACHABLE_CODE = YES;
				CLANG_WARN__DUPLICATE_METHOD_MATCH = YES;
				"CODE_SIGN_IDENTITY[sdk=iphoneos*]" = "iPhone Developer";
				COPY_PHASE_STRIP = NO;
				DEBUG_INFORMATION_FORMAT = "dwarf-with-dsym";
				ENABLE_NS_ASSERTIONS = NO;
				ENABLE_STRICT_OBJC_MSGSEND = YES;
				GCC_C_LANGUAGE_STANDARD = gnu99;
				GCC_NO_COMMON_BLOCKS = YES;
				GCC_WARN_64_TO_32_BIT_CONVERSION = YES;
				GCC_WARN_ABOUT_RETURN_TYPE = YES_ERROR;
				GCC_WARN_UNDECLARED_SELECTOR = YES;
				GCC_WARN_UNINITIALIZED_AUTOS = YES_AGGRESSIVE;
				GCC_WARN_UNUSED_FUNCTION = YES;
				GCC_WARN_UNUSED_VARIABLE = YES;
				IPHONEOS_DEPLOYMENT_TARGET = 9.2;
				MTL_ENABLE_DEBUG_INFO = NO;
				SDKROOT = iphoneos;
				VALIDATE_PRODUCT = YES;
			};
			name = Release;
		};
		7F93C59E1C34C68A00D630C3 /* Debug */ = {
			isa = XCBuildConfiguration;
			buildSettings = {
				ASSETCATALOG_COMPILER_APPICON_NAME = AppIcon;
				INFOPLIST_FILE = Tips/Info.plist;
				LD_RUNPATH_SEARCH_PATHS = "$(inherited) @executable_path/Frameworks";
				PRODUCT_BUNDLE_IDENTIFIER = com.JulianD.Tips;
				PRODUCT_NAME = "$(TARGET_NAME)";
			};
			name = Debug;
		};
		7F93C59F1C34C68A00D630C3 /* Release */ = {
			isa = XCBuildConfiguration;
			buildSettings = {
				ASSETCATALOG_COMPILER_APPICON_NAME = AppIcon;
				INFOPLIST_FILE = Tips/Info.plist;
				LD_RUNPATH_SEARCH_PATHS = "$(inherited) @executable_path/Frameworks";
				PRODUCT_BUNDLE_IDENTIFIER = com.JulianD.Tips;
				PRODUCT_NAME = "$(TARGET_NAME)";
			};
			name = Release;
		};
		7F93C5A11C34C68A00D630C3 /* Debug */ = {
			isa = XCBuildConfiguration;
			buildSettings = {
				BUNDLE_LOADER = "$(TEST_HOST)";
				INFOPLIST_FILE = TipsTests/Info.plist;
				LD_RUNPATH_SEARCH_PATHS = "$(inherited) @executable_path/Frameworks @loader_path/Frameworks";
				PRODUCT_BUNDLE_IDENTIFIER = com.JulianD.TipsTests;
				PRODUCT_NAME = "$(TARGET_NAME)";
				TEST_HOST = "$(BUILT_PRODUCTS_DIR)/Tips.app/Tips";
			};
			name = Debug;
		};
		7F93C5A21C34C68A00D630C3 /* Release */ = {
			isa = XCBuildConfiguration;
			buildSettings = {
				BUNDLE_LOADER = "$(TEST_HOST)";
				INFOPLIST_FILE = TipsTests/Info.plist;
				LD_RUNPATH_SEARCH_PATHS = "$(inherited) @executable_path/Frameworks @loader_path/Frameworks";
				PRODUCT_BUNDLE_IDENTIFIER = com.JulianD.TipsTests;
				PRODUCT_NAME = "$(TARGET_NAME)";
				TEST_HOST = "$(BUILT_PRODUCTS_DIR)/Tips.app/Tips";
			};
			name = Release;
		};
		7F93C5A41C34C68A00D630C3 /* Debug */ = {
			isa = XCBuildConfiguration;
			buildSettings = {
				INFOPLIST_FILE = TipsUITests/Info.plist;
				LD_RUNPATH_SEARCH_PATHS = "$(inherited) @executable_path/Frameworks @loader_path/Frameworks";
				PRODUCT_BUNDLE_IDENTIFIER = com.JulianD.TipsUITests;
				PRODUCT_NAME = "$(TARGET_NAME)";
				TEST_TARGET_NAME = Tips;
				USES_XCTRUNNER = YES;
			};
			name = Debug;
		};
		7F93C5A51C34C68A00D630C3 /* Release */ = {
			isa = XCBuildConfiguration;
			buildSettings = {
				INFOPLIST_FILE = TipsUITests/Info.plist;
				LD_RUNPATH_SEARCH_PATHS = "$(inherited) @executable_path/Frameworks @loader_path/Frameworks";
				PRODUCT_BUNDLE_IDENTIFIER = com.JulianD.TipsUITests;
				PRODUCT_NAME = "$(TARGET_NAME)";
				TEST_TARGET_NAME = Tips;
				USES_XCTRUNNER = YES;
			};
			name = Release;
		};
/* End XCBuildConfiguration section */

/* Begin XCConfigurationList section */
		7F93C5701C34C68900D630C3 /* Build configuration list for PBXProject "Tips" */ = {
			isa = XCConfigurationList;
			buildConfigurations = (
				7F93C59B1C34C68A00D630C3 /* Debug */,
				7F93C59C1C34C68A00D630C3 /* Release */,
			);
			defaultConfigurationIsVisible = 0;
			defaultConfigurationName = Release;
		};
		7F93C59D1C34C68A00D630C3 /* Build configuration list for PBXNativeTarget "Tips" */ = {
			isa = XCConfigurationList;
			buildConfigurations = (
				7F93C59E1C34C68A00D630C3 /* Debug */,
				7F93C59F1C34C68A00D630C3 /* Release */,
			);
			defaultConfigurationIsVisible = 0;
			defaultConfigurationName = Release;
		};
		7F93C5A01C34C68A00D630C3 /* Build configuration list for PBXNativeTarget "TipsTests" */ = {
			isa = XCConfigurationList;
			buildConfigurations = (
				7F93C5A11C34C68A00D630C3 /* Debug */,
				7F93C5A21C34C68A00D630C3 /* Release */,
			);
			defaultConfigurationIsVisible = 0;
			defaultConfigurationName = Release;
		};
		7F93C5A31C34C68A00D630C3 /* Build configuration list for PBXNativeTarget "TipsUITests" */ = {
			isa = XCConfigurationList;
			buildConfigurations = (
				7F93C5A41C34C68A00D630C3 /* Debug */,
				7F93C5A51C34C68A00D630C3 /* Release */,
			);
			defaultConfigurationIsVisible = 0;
			defaultConfigurationName = Release;
		};
/* End XCConfigurationList section */
	};
	rootObject = 7F93C56D1C34C68900D630C3 /* Project object */;
}
